
Microsoft Visual Studio Solution File, Format Version 11.00
# Visual Studio 2010
Project("{8BC9CEB8-8B4A-11D0-8D11-00A0C91BC942}") = "DrugTraceability", "DrugTraceability\DrugTraceability.vcxproj", "{6E84A6D0-6BB5-4C91-911B-2730D12D2D89}"
EndProject
Global
	GlobalSection(SolutionConfigurationPlatforms) = preSolution
		Debug|Win32 = Debug|Win32
		Release|Win32 = Release|Win32
	EndGlobalSection
	GlobalSection(ProjectConfigurationPlatforms) = postSolution
		{6E84A6D0-6BB5-4C91-911B-2730D12D2D89}.Debug|Win32.ActiveCfg = Debug|Win32
		{6E84A6D0-6BB5-4C91-911B-2730D12D2D89}.Debug|Win32.Build.0 = Debug|Win32
		{6E84A6D0-6BB5-4C91-911B-2730D12D2D89}.Release|Win32.ActiveCfg = Release|Win32
		{6E84A6D0-6BB5-4C91-911B-2730D12D2D89}.Release|Win32.Build.0 = Release|Win32
	EndGlobalSection
	GlobalSection(SolutionProperties) = preSolution
		HideSolutionNode = FALSE
	EndGlobalSection
EndGlobal
